
Microsoft Visual Studio Solution File, Format Version 12.00
# Visual Studio Version 17
VisualStudioVersion = 17.4.33205.214
MinimumVisualStudioVersion = 10.0.40219.1
Project("{9A19103F-16F7-4668-BE54-9A1E7A4F7556}") = "ApiGateway", "ApiGateway\ApiGateway.csproj", "{E6A5124E-F4EA-47CE-8912-2866C5F7CB9E}"
EndProject
Project("{2150E333-8FDC-42A3-9474-1A3956D46DE8}") = "Services", "Services", "{6E4DE9D1-C179-4580-ADE8-D2100071834A}"
EndProject
Project("{2150E333-8FDC-42A3-9474-1A3956D46DE8}") = "BookSevice", "BookSevice", "{4EB6D70F-1375-41F2-A108-56C8468956F3}"
EndProject
Project("{9A19103F-16F7-4668-BE54-9A1E7A4F7556}") = "BookWebApi", "BookWebApi\BookWebApi.csproj", "{2D82471E-6548-44FD-A47C-C91C767E2FBF}"
EndProject
Project("{9A19103F-16F7-4668-BE54-9A1E7A4F7556}") = "BookBLL", "BookBLL\BookBLL.csproj", "{4417AA69-A88A-4A4C-98F4-C9BB31BDF857}"
EndProject
Project("{9A19103F-16F7-4668-BE54-9A1E7A4F7556}") = "BookDAL", "BookDAL\BookDAL.csproj", "{1E97BC98-C062-4FF9-B742-922BDA094EFD}"
EndProject
Project("{2150E333-8FDC-42A3-9474-1A3956D46DE8}") = "1.UI", "1.UI", "{C894ED46-DD8D-4ABD-ABE4-AAFF308A34EC}"
EndProject
Project("{2150E333-8FDC-42A3-9474-1A3956D46DE8}") = "2.BLL", "2.BLL", "{55A4ACAD-A9AF-4D22-BFCE-BDC177C02E4C}"
EndProject
Project("{2150E333-8FDC-42A3-9474-1A3956D46DE8}") = "3.DAL", "3.DAL", "{8558DC6E-67CE-402B-B8D6-0796DE840EEF}"
EndProject
Project("{2150E333-8FDC-42A3-9474-1A3956D46DE8}") = "AuthService", "AuthService", "{1A257B9C-1BEE-4D75-A76D-97BF2D4D00BE}"
EndProject
Project("{FAE04EC0-301F-11D3-BF4B-00C04F79EFBC}") = "AuthWebApi", "AuthWebApi\AuthWebApi.csproj", "{C44CB976-47AF-4856-91BA-C9B803BB6688}"
EndProject
Project("{FAE04EC0-301F-11D3-BF4B-00C04F79EFBC}") = "Application", "Application\Application.csproj", "{FE8D0717-B8FE-461D-845D-00675B74B41E}"
EndProject
Project("{FAE04EC0-301F-11D3-BF4B-00C04F79EFBC}") = "Domain", "Domain\Domain.csproj", "{5966D3E1-3582-4AF3-BA9D-0C085320D162}"
EndProject
Project("{FAE04EC0-301F-11D3-BF4B-00C04F79EFBC}") = "EFData", "EFData\EFData.csproj", "{5F2C65F2-9011-432F-B036-1AF215EC2698}"
EndProject
Project("{FAE04EC0-301F-11D3-BF4B-00C04F79EFBC}") = "Infastructure", "Infastructure\Infastructure.csproj", "{C434ABB5-7269-4722-A2CF-10B2B3F6AA37}"
EndProject
Project("{2150E333-8FDC-42A3-9474-1A3956D46DE8}") = "1.AuthWebApi", "1.AuthWebApi", "{4311F391-1DB3-42A5-BEE5-4CFB7FA13833}"
EndProject
Project("{2150E333-8FDC-42A3-9474-1A3956D46DE8}") = "2.Application", "2.Application", "{D71DF72A-98F9-49F4-B030-0AC9C9CFE754}"
EndProject
Project("{2150E333-8FDC-42A3-9474-1A3956D46DE8}") = "3.Domain", "3.Domain", "{01DD9A2F-4DCA-4019-B87E-7AD3AD6694D1}"
EndProject
Project("{2150E333-8FDC-42A3-9474-1A3956D46DE8}") = "4.EFData", "4.EFData", "{D12C7BAE-A98E-4475-B539-B25CE7FEA6DC}"
EndProject
Project("{2150E333-8FDC-42A3-9474-1A3956D46DE8}") = "5.Infastructure", "5.Infastructure", "{89A66CE7-8CC2-4284-A75F-2AA77BF385B1}"
EndProject
Global
	GlobalSection(SolutionConfigurationPlatforms) = preSolution
		Debug|Any CPU = Debug|Any CPU
		Release|Any CPU = Release|Any CPU
	EndGlobalSection
	GlobalSection(ProjectConfigurationPlatforms) = postSolution
		{E6A5124E-F4EA-47CE-8912-2866C5F7CB9E}.Debug|Any CPU.ActiveCfg = Debug|Any CPU
		{E6A5124E-F4EA-47CE-8912-2866C5F7CB9E}.Debug|Any CPU.Build.0 = Debug|Any CPU
		{E6A5124E-F4EA-47CE-8912-2866C5F7CB9E}.Release|Any CPU.ActiveCfg = Release|Any CPU
		{E6A5124E-F4EA-47CE-8912-2866C5F7CB9E}.Release|Any CPU.Build.0 = Release|Any CPU
		{2D82471E-6548-44FD-A47C-C91C767E2FBF}.Debug|Any CPU.ActiveCfg = Debug|Any CPU
		{2D82471E-6548-44FD-A47C-C91C767E2FBF}.Debug|Any CPU.Build.0 = Debug|Any CPU
		{2D82471E-6548-44FD-A47C-C91C767E2FBF}.Release|Any CPU.ActiveCfg = Release|Any CPU
		{2D82471E-6548-44FD-A47C-C91C767E2FBF}.Release|Any CPU.Build.0 = Release|Any CPU
		{4417AA69-A88A-4A4C-98F4-C9BB31BDF857}.Debug|Any CPU.ActiveCfg = Debug|Any CPU
		{4417AA69-A88A-4A4C-98F4-C9BB31BDF857}.Debug|Any CPU.Build.0 = Debug|Any CPU
		{4417AA69-A88A-4A4C-98F4-C9BB31BDF857}.Release|Any CPU.ActiveCfg = Release|Any CPU
		{4417AA69-A88A-4A4C-98F4-C9BB31BDF857}.Release|Any CPU.Build.0 = Release|Any CPU
		{1E97BC98-C062-4FF9-B742-922BDA094EFD}.Debug|Any CPU.ActiveCfg = Debug|Any CPU
		{1E97BC98-C062-4FF9-B742-922BDA094EFD}.Debug|Any CPU.Build.0 = Debug|Any CPU
		{1E97BC98-C062-4FF9-B742-922BDA094EFD}.Release|Any CPU.ActiveCfg = Release|Any CPU
		{1E97BC98-C062-4FF9-B742-922BDA094EFD}.Release|Any CPU.Build.0 = Release|Any CPU
		{C44CB976-47AF-4856-91BA-C9B803BB6688}.Debug|Any CPU.ActiveCfg = Debug|Any CPU
		{C44CB976-47AF-4856-91BA-C9B803BB6688}.Debug|Any CPU.Build.0 = Debug|Any CPU
		{C44CB976-47AF-4856-91BA-C9B803BB6688}.Release|Any CPU.ActiveCfg = Release|Any CPU
		{C44CB976-47AF-4856-91BA-C9B803BB6688}.Release|Any CPU.Build.0 = Release|Any CPU
		{FE8D0717-B8FE-461D-845D-00675B74B41E}.Debug|Any CPU.ActiveCfg = Debug|Any CPU
		{FE8D0717-B8FE-461D-845D-00675B74B41E}.Debug|Any CPU.Build.0 = Debug|Any CPU
		{FE8D0717-B8FE-461D-845D-00675B74B41E}.Release|Any CPU.ActiveCfg = Release|Any CPU
		{FE8D0717-B8FE-461D-845D-00675B74B41E}.Release|Any CPU.Build.0 = Release|Any CPU
		{5966D3E1-3582-4AF3-BA9D-0C085320D162}.Debug|Any CPU.ActiveCfg = Debug|Any CPU
		{5966D3E1-3582-4AF3-BA9D-0C085320D162}.Debug|Any CPU.Build.0 = Debug|Any CPU
		{5966D3E1-3582-4AF3-BA9D-0C085320D162}.Release|Any CPU.ActiveCfg = Release|Any CPU
		{5966D3E1-3582-4AF3-BA9D-0C085320D162}.Release|Any CPU.Build.0 = Release|Any CPU
		{5F2C65F2-9011-432F-B036-1AF215EC2698}.Debug|Any CPU.ActiveCfg = Debug|Any CPU
		{5F2C65F2-9011-432F-B036-1AF215EC2698}.Debug|Any CPU.Build.0 = Debug|Any CPU
		{5F2C65F2-9011-432F-B036-1AF215EC2698}.Release|Any CPU.ActiveCfg = Release|Any CPU
		{5F2C65F2-9011-432F-B036-1AF215EC2698}.Release|Any CPU.Build.0 = Release|Any CPU
		{C434ABB5-7269-4722-A2CF-10B2B3F6AA37}.Debug|Any CPU.ActiveCfg = Debug|Any CPU
		{C434ABB5-7269-4722-A2CF-10B2B3F6AA37}.Debug|Any CPU.Build.0 = Debug|Any CPU
		{C434ABB5-7269-4722-A2CF-10B2B3F6AA37}.Release|Any CPU.ActiveCfg = Release|Any CPU
		{C434ABB5-7269-4722-A2CF-10B2B3F6AA37}.Release|Any CPU.Build.0 = Release|Any CPU
	EndGlobalSection
	GlobalSection(SolutionProperties) = preSolution
		HideSolutionNode = FALSE
	EndGlobalSection
	GlobalSection(NestedProjects) = preSolution
		{4EB6D70F-1375-41F2-A108-56C8468956F3} = {6E4DE9D1-C179-4580-ADE8-D2100071834A}
		{2D82471E-6548-44FD-A47C-C91C767E2FBF} = {C894ED46-DD8D-4ABD-ABE4-AAFF308A34EC}
		{4417AA69-A88A-4A4C-98F4-C9BB31BDF857} = {55A4ACAD-A9AF-4D22-BFCE-BDC177C02E4C}
		{1E97BC98-C062-4FF9-B742-922BDA094EFD} = {8558DC6E-67CE-402B-B8D6-0796DE840EEF}
		{C894ED46-DD8D-4ABD-ABE4-AAFF308A34EC} = {4EB6D70F-1375-41F2-A108-56C8468956F3}
		{55A4ACAD-A9AF-4D22-BFCE-BDC177C02E4C} = {4EB6D70F-1375-41F2-A108-56C8468956F3}
		{8558DC6E-67CE-402B-B8D6-0796DE840EEF} = {4EB6D70F-1375-41F2-A108-56C8468956F3}
		{1A257B9C-1BEE-4D75-A76D-97BF2D4D00BE} = {6E4DE9D1-C179-4580-ADE8-D2100071834A}
		{C44CB976-47AF-4856-91BA-C9B803BB6688} = {4311F391-1DB3-42A5-BEE5-4CFB7FA13833}
		{FE8D0717-B8FE-461D-845D-00675B74B41E} = {D71DF72A-98F9-49F4-B030-0AC9C9CFE754}
		{5966D3E1-3582-4AF3-BA9D-0C085320D162} = {01DD9A2F-4DCA-4019-B87E-7AD3AD6694D1}
		{5F2C65F2-9011-432F-B036-1AF215EC2698} = {D12C7BAE-A98E-4475-B539-B25CE7FEA6DC}
		{C434ABB5-7269-4722-A2CF-10B2B3F6AA37} = {89A66CE7-8CC2-4284-A75F-2AA77BF385B1}
		{4311F391-1DB3-42A5-BEE5-4CFB7FA13833} = {1A257B9C-1BEE-4D75-A76D-97BF2D4D00BE}
		{D71DF72A-98F9-49F4-B030-0AC9C9CFE754} = {1A257B9C-1BEE-4D75-A76D-97BF2D4D00BE}
		{01DD9A2F-4DCA-4019-B87E-7AD3AD6694D1} = {1A257B9C-1BEE-4D75-A76D-97BF2D4D00BE}
		{D12C7BAE-A98E-4475-B539-B25CE7FEA6DC} = {1A257B9C-1BEE-4D75-A76D-97BF2D4D00BE}
		{89A66CE7-8CC2-4284-A75F-2AA77BF385B1} = {1A257B9C-1BEE-4D75-A76D-97BF2D4D00BE}
	EndGlobalSection
	GlobalSection(ExtensibilityGlobals) = postSolution
		SolutionGuid = {4DA4029D-E47C-4A35-86AB-20E575A0C5A9}
	EndGlobalSection
EndGlobal
