
Microsoft Visual Studio Solution File, Format Version 12.00
# Visual Studio Version 17
VisualStudioVersion = 17.4.33205.214
MinimumVisualStudioVersion = 10.0.40219.1
Project("{9A19103F-16F7-4668-BE54-9A1E7A4F7556}") = "ApiGateway", "ApiGateway\ApiGateway.csproj", "{E6A5124E-F4EA-47CE-8912-2866C5F7CB9E}"
EndProject
Project("{2150E333-8FDC-42A3-9474-1A3956D46DE8}") = "Services", "Services", "{6E4DE9D1-C179-4580-ADE8-D2100071834A}"
EndProject
Project("{2150E333-8FDC-42A3-9474-1A3956D46DE8}") = "BookSevice", "BookSevice", "{4EB6D70F-1375-41F2-A108-56C8468956F3}"
EndProject
Project("{2150E333-8FDC-42A3-9474-1A3956D46DE8}") = "1.UI", "1.UI", "{C894ED46-DD8D-4ABD-ABE4-AAFF308A34EC}"
EndProject
Project("{2150E333-8FDC-42A3-9474-1A3956D46DE8}") = "2.BLL", "2.BLL", "{55A4ACAD-A9AF-4D22-BFCE-BDC177C02E4C}"
EndProject
Project("{2150E333-8FDC-42A3-9474-1A3956D46DE8}") = "3.DAL", "3.DAL", "{8558DC6E-67CE-402B-B8D6-0796DE840EEF}"
EndProject
Project("{2150E333-8FDC-42A3-9474-1A3956D46DE8}") = "AuthService", "AuthService", "{1A257B9C-1BEE-4D75-A76D-97BF2D4D00BE}"
EndProject
Project("{2150E333-8FDC-42A3-9474-1A3956D46DE8}") = "1.AuthWebApi", "1.AuthWebApi", "{4311F391-1DB3-42A5-BEE5-4CFB7FA13833}"
EndProject
Project("{2150E333-8FDC-42A3-9474-1A3956D46DE8}") = "2.Application", "2.Application", "{D71DF72A-98F9-49F4-B030-0AC9C9CFE754}"
EndProject
Project("{2150E333-8FDC-42A3-9474-1A3956D46DE8}") = "3.Domain", "3.Domain", "{01DD9A2F-4DCA-4019-B87E-7AD3AD6694D1}"
EndProject
Project("{2150E333-8FDC-42A3-9474-1A3956D46DE8}") = "4.EFData", "4.EFData", "{D12C7BAE-A98E-4475-B539-B25CE7FEA6DC}"
EndProject
Project("{2150E333-8FDC-42A3-9474-1A3956D46DE8}") = "5.Infastructure", "5.Infastructure", "{89A66CE7-8CC2-4284-A75F-2AA77BF385B1}"
EndProject
Project("{9A19103F-16F7-4668-BE54-9A1E7A4F7556}") = "AuthWebApi", "Services\AuthService\AuthWebApi\AuthWebApi.csproj", "{E3877B1B-B9DF-4A12-9DF3-C2F349901836}"
EndProject
Project("{9A19103F-16F7-4668-BE54-9A1E7A4F7556}") = "BookWebApi", "Services\BookService\BookWebApi\BookWebApi.csproj", "{A535FD4C-CFA1-4EF4-ACCD-FB17D11E3EBC}"
EndProject
Project("{9A19103F-16F7-4668-BE54-9A1E7A4F7556}") = "BookBLL", "Services\BookService\BookBLL\BookBLL.csproj", "{0E951CBC-E2F3-4FAA-B702-4E2869765DA9}"
EndProject
Project("{9A19103F-16F7-4668-BE54-9A1E7A4F7556}") = "BookDAL", "Services\BookService\BookDAL\BookDAL.csproj", "{FD56647B-8D3E-4F1F-A1B6-423CB2F1C943}"
EndProject
Project("{9A19103F-16F7-4668-BE54-9A1E7A4F7556}") = "Application", "Services\AuthService\Application\Application.csproj", "{7EEDA6BE-97FA-4974-8606-624B6CC72B96}"
EndProject
Project("{9A19103F-16F7-4668-BE54-9A1E7A4F7556}") = "Domain", "Services\AuthService\Domain\Domain.csproj", "{07EDF85E-3199-410E-A884-F382B8E68AE3}"
EndProject
Project("{9A19103F-16F7-4668-BE54-9A1E7A4F7556}") = "EFData", "Services\AuthService\EFData\EFData.csproj", "{65774DEE-42FF-4554-8209-A374DF1D9A63}"
EndProject
Project("{9A19103F-16F7-4668-BE54-9A1E7A4F7556}") = "Infastructure", "Services\AuthService\Infastructure\Infastructure.csproj", "{9FF942F3-8578-45EE-A8AB-19B0C0791547}"
EndProject
Global
	GlobalSection(SolutionConfigurationPlatforms) = preSolution
		Debug|Any CPU = Debug|Any CPU
		Release|Any CPU = Release|Any CPU
	EndGlobalSection
	GlobalSection(ProjectConfigurationPlatforms) = postSolution
		{E6A5124E-F4EA-47CE-8912-2866C5F7CB9E}.Debug|Any CPU.ActiveCfg = Debug|Any CPU
		{E6A5124E-F4EA-47CE-8912-2866C5F7CB9E}.Debug|Any CPU.Build.0 = Debug|Any CPU
		{E6A5124E-F4EA-47CE-8912-2866C5F7CB9E}.Release|Any CPU.ActiveCfg = Release|Any CPU
		{E6A5124E-F4EA-47CE-8912-2866C5F7CB9E}.Release|Any CPU.Build.0 = Release|Any CPU
		{E3877B1B-B9DF-4A12-9DF3-C2F349901836}.Debug|Any CPU.ActiveCfg = Debug|Any CPU
		{E3877B1B-B9DF-4A12-9DF3-C2F349901836}.Debug|Any CPU.Build.0 = Debug|Any CPU
		{E3877B1B-B9DF-4A12-9DF3-C2F349901836}.Release|Any CPU.ActiveCfg = Release|Any CPU
		{E3877B1B-B9DF-4A12-9DF3-C2F349901836}.Release|Any CPU.Build.0 = Release|Any CPU
		{A535FD4C-CFA1-4EF4-ACCD-FB17D11E3EBC}.Debug|Any CPU.ActiveCfg = Debug|Any CPU
		{A535FD4C-CFA1-4EF4-ACCD-FB17D11E3EBC}.Debug|Any CPU.Build.0 = Debug|Any CPU
		{A535FD4C-CFA1-4EF4-ACCD-FB17D11E3EBC}.Release|Any CPU.ActiveCfg = Release|Any CPU
		{A535FD4C-CFA1-4EF4-ACCD-FB17D11E3EBC}.Release|Any CPU.Build.0 = Release|Any CPU
		{0E951CBC-E2F3-4FAA-B702-4E2869765DA9}.Debug|Any CPU.ActiveCfg = Debug|Any CPU
		{0E951CBC-E2F3-4FAA-B702-4E2869765DA9}.Debug|Any CPU.Build.0 = Debug|Any CPU
		{0E951CBC-E2F3-4FAA-B702-4E2869765DA9}.Release|Any CPU.ActiveCfg = Release|Any CPU
		{0E951CBC-E2F3-4FAA-B702-4E2869765DA9}.Release|Any CPU.Build.0 = Release|Any CPU
		{FD56647B-8D3E-4F1F-A1B6-423CB2F1C943}.Debug|Any CPU.ActiveCfg = Debug|Any CPU
		{FD56647B-8D3E-4F1F-A1B6-423CB2F1C943}.Debug|Any CPU.Build.0 = Debug|Any CPU
		{FD56647B-8D3E-4F1F-A1B6-423CB2F1C943}.Release|Any CPU.ActiveCfg = Release|Any CPU
		{FD56647B-8D3E-4F1F-A1B6-423CB2F1C943}.Release|Any CPU.Build.0 = Release|Any CPU
		{7EEDA6BE-97FA-4974-8606-624B6CC72B96}.Debug|Any CPU.ActiveCfg = Debug|Any CPU
		{7EEDA6BE-97FA-4974-8606-624B6CC72B96}.Debug|Any CPU.Build.0 = Debug|Any CPU
		{7EEDA6BE-97FA-4974-8606-624B6CC72B96}.Release|Any CPU.ActiveCfg = Release|Any CPU
		{7EEDA6BE-97FA-4974-8606-624B6CC72B96}.Release|Any CPU.Build.0 = Release|Any CPU
		{07EDF85E-3199-410E-A884-F382B8E68AE3}.Debug|Any CPU.ActiveCfg = Debug|Any CPU
		{07EDF85E-3199-410E-A884-F382B8E68AE3}.Debug|Any CPU.Build.0 = Debug|Any CPU
		{07EDF85E-3199-410E-A884-F382B8E68AE3}.Release|Any CPU.ActiveCfg = Release|Any CPU
		{07EDF85E-3199-410E-A884-F382B8E68AE3}.Release|Any CPU.Build.0 = Release|Any CPU
		{65774DEE-42FF-4554-8209-A374DF1D9A63}.Debug|Any CPU.ActiveCfg = Debug|Any CPU
		{65774DEE-42FF-4554-8209-A374DF1D9A63}.Debug|Any CPU.Build.0 = Debug|Any CPU
		{65774DEE-42FF-4554-8209-A374DF1D9A63}.Release|Any CPU.ActiveCfg = Release|Any CPU
		{65774DEE-42FF-4554-8209-A374DF1D9A63}.Release|Any CPU.Build.0 = Release|Any CPU
		{9FF942F3-8578-45EE-A8AB-19B0C0791547}.Debug|Any CPU.ActiveCfg = Debug|Any CPU
		{9FF942F3-8578-45EE-A8AB-19B0C0791547}.Debug|Any CPU.Build.0 = Debug|Any CPU
		{9FF942F3-8578-45EE-A8AB-19B0C0791547}.Release|Any CPU.ActiveCfg = Release|Any CPU
		{9FF942F3-8578-45EE-A8AB-19B0C0791547}.Release|Any CPU.Build.0 = Release|Any CPU
	EndGlobalSection
	GlobalSection(SolutionProperties) = preSolution
		HideSolutionNode = FALSE
	EndGlobalSection
	GlobalSection(NestedProjects) = preSolution
		{4EB6D70F-1375-41F2-A108-56C8468956F3} = {6E4DE9D1-C179-4580-ADE8-D2100071834A}
		{C894ED46-DD8D-4ABD-ABE4-AAFF308A34EC} = {4EB6D70F-1375-41F2-A108-56C8468956F3}
		{55A4ACAD-A9AF-4D22-BFCE-BDC177C02E4C} = {4EB6D70F-1375-41F2-A108-56C8468956F3}
		{8558DC6E-67CE-402B-B8D6-0796DE840EEF} = {4EB6D70F-1375-41F2-A108-56C8468956F3}
		{1A257B9C-1BEE-4D75-A76D-97BF2D4D00BE} = {6E4DE9D1-C179-4580-ADE8-D2100071834A}
		{4311F391-1DB3-42A5-BEE5-4CFB7FA13833} = {1A257B9C-1BEE-4D75-A76D-97BF2D4D00BE}
		{D71DF72A-98F9-49F4-B030-0AC9C9CFE754} = {1A257B9C-1BEE-4D75-A76D-97BF2D4D00BE}
		{01DD9A2F-4DCA-4019-B87E-7AD3AD6694D1} = {1A257B9C-1BEE-4D75-A76D-97BF2D4D00BE}
		{D12C7BAE-A98E-4475-B539-B25CE7FEA6DC} = {1A257B9C-1BEE-4D75-A76D-97BF2D4D00BE}
		{89A66CE7-8CC2-4284-A75F-2AA77BF385B1} = {1A257B9C-1BEE-4D75-A76D-97BF2D4D00BE}
		{E3877B1B-B9DF-4A12-9DF3-C2F349901836} = {4311F391-1DB3-42A5-BEE5-4CFB7FA13833}
		{A535FD4C-CFA1-4EF4-ACCD-FB17D11E3EBC} = {C894ED46-DD8D-4ABD-ABE4-AAFF308A34EC}
		{0E951CBC-E2F3-4FAA-B702-4E2869765DA9} = {55A4ACAD-A9AF-4D22-BFCE-BDC177C02E4C}
		{FD56647B-8D3E-4F1F-A1B6-423CB2F1C943} = {8558DC6E-67CE-402B-B8D6-0796DE840EEF}
		{7EEDA6BE-97FA-4974-8606-624B6CC72B96} = {D71DF72A-98F9-49F4-B030-0AC9C9CFE754}
		{07EDF85E-3199-410E-A884-F382B8E68AE3} = {01DD9A2F-4DCA-4019-B87E-7AD3AD6694D1}
		{65774DEE-42FF-4554-8209-A374DF1D9A63} = {D12C7BAE-A98E-4475-B539-B25CE7FEA6DC}
		{9FF942F3-8578-45EE-A8AB-19B0C0791547} = {89A66CE7-8CC2-4284-A75F-2AA77BF385B1}
	EndGlobalSection
	GlobalSection(ExtensibilityGlobals) = postSolution
		SolutionGuid = {4DA4029D-E47C-4A35-86AB-20E575A0C5A9}
	EndGlobalSection
EndGlobal
